
Microsoft Visual Studio Solution File, Format Version 12.00
# Visual Studio 15
VisualStudioVersion = 15.0.28010.2050
MinimumVisualStudioVersion = 10.0.40219.1
Project("{FAE04EC0-301F-11D3-BF4B-00C04F79EFBC}") = "TollCalculator.Domain", "TollCalculator.Domain\TollCalculator.Domain.csproj", "{FBC5ED49-49E4-432A-91E4-1F4C7A75B04F}"
EndProject
Project("{FAE04EC0-301F-11D3-BF4B-00C04F79EFBC}") = "TollCalculator.Domain.Tests", "TollCalculator.Domain.Tests\TollCalculator.Domain.Tests.csproj", "{6150195E-4512-4484-B3AC-43440A4967FF}"
EndProject
Global
	GlobalSection(SolutionConfigurationPlatforms) = preSolution
		Debug|Any CPU = Debug|Any CPU
		Release|Any CPU = Release|Any CPU
	EndGlobalSection
	GlobalSection(ProjectConfigurationPlatforms) = postSolution
		{FBC5ED49-49E4-432A-91E4-1F4C7A75B04F}.Debug|Any CPU.ActiveCfg = Debug|Any CPU
		{FBC5ED49-49E4-432A-91E4-1F4C7A75B04F}.Debug|Any CPU.Build.0 = Debug|Any CPU
		{FBC5ED49-49E4-432A-91E4-1F4C7A75B04F}.Release|Any CPU.ActiveCfg = Release|Any CPU
		{FBC5ED49-49E4-432A-91E4-1F4C7A75B04F}.Release|Any CPU.Build.0 = Release|Any CPU
		{6150195E-4512-4484-B3AC-43440A4967FF}.Debug|Any CPU.ActiveCfg = Debug|Any CPU
		{6150195E-4512-4484-B3AC-43440A4967FF}.Debug|Any CPU.Build.0 = Debug|Any CPU
		{6150195E-4512-4484-B3AC-43440A4967FF}.Release|Any CPU.ActiveCfg = Release|Any CPU
		{6150195E-4512-4484-B3AC-43440A4967FF}.Release|Any CPU.Build.0 = Release|Any CPU
	EndGlobalSection
	GlobalSection(SolutionProperties) = preSolution
		HideSolutionNode = FALSE
	EndGlobalSection
	GlobalSection(ExtensibilityGlobals) = postSolution
		SolutionGuid = {D10780E7-A9FE-45E3-B084-9D3B06E3C185}
	EndGlobalSection
EndGlobal
